<?xml version="1.0" encoding="UTF-8" standalone="yes" ?>
<CodeBlocks_project_file>
	<FileVersion major="1" minor="6" />
	<Project>
		<Option title="SphereSiege" />
		<Option pch_mode="2" />
		<Option compiler="gcc" />
		<Build>
			<Target title="Debug">
				<Option output="bin/Debug/SphereSiege" prefix_auto="1" extension_auto="1" />
				<Option object_output="obj/Debug/" />
				<Option type="1" />
				<Option compiler="gcc" />
				<Compiler>
					<Add option="-g" />
				</Compiler>
			</Target>
			<Target title="Release">
				<Option output="bin/Release/SphereSiege" prefix_auto="1" extension_auto="1" />
				<Option object_output="obj/Release/" />
				<Option type="1" />
				<Option compiler="gcc" />
				<Compiler>
					<Add option="-O2" />
				</Compiler>
				<Linker>
					<Add option="-s" />
				</Linker>
			</Target>
		</Build>
		<Compiler>
			<Add option="-Wall" />
			<Add option="-fexceptions" />
		</Compiler>
		<Unit filename="Bullet.h" />
		<Unit filename="Enemy.h" />
		<Unit filename="Hero.h" />
		<Unit filename="Includes.h" />
		<Unit filename="MultiEnemy.h" />
		<Unit filename="Rect.h" />
		<Unit filename="Window.h" />
		<Unit filename="bullet.cpp" />
		<Unit filename="enemy.cpp" />
		<Unit filename="hero.cpp" />
		<Unit filename="includes.cpp" />
		<Unit filename="main.cpp" />
		<Unit filename="multiEnemy.cpp" />
		<Unit filename="rect.cpp" />
		<Unit filename="window.cpp" />
		<Extensions>
			<lib_finder disable_auto="1" />
		</Extensions>
	</Project>
</CodeBlocks_project_file>
