<?xml version="1.0" encoding="UTF-8" standalone="yes" ?>
<CodeBlocks_project_file>
	<FileVersion major="1" minor="6" />
	<Project>
		<Option title="SphereSiege" />
		<Option pch_mode="2" />
		<Option compiler="gcc" />
		<Build>
			<Target title="Debug">
				<Option output="bin/Debug/SphereSiege" prefix_auto="1" extension_auto="1" />
				<Option object_output="obj/Debug/" />
				<Option type="1" />
				<Option compiler="gcc" />
				<Compiler>
					<Add option="-g" />
				</Compiler>
			</Target>
			<Target title="Release">
				<Option output="bin/Release/SphereSiege" prefix_auto="1" extension_auto="1" />
				<Option object_output="obj/Release/" />
				<Option type="1" />
				<Option compiler="gcc" />
				<Compiler>
					<Add option="-O2" />
				</Compiler>
				<Linker>
					<Add option="-s" />
				</Linker>
			</Target>
		</Build>
		<Compiler>
			<Add option="-Wall" />
			<Add option="-fexceptions" />
		</Compiler>
		<Unit filename=".gitignore" />
		<Unit filename="Bullet.h" />
		<Unit filename="Button.h" />
		<Unit filename="Camera.h" />
		<Unit filename="Enemy.h" />
		<Unit filename="Explosion.h" />
		<Unit filename="Hero.h" />
		<Unit filename="Includes.h" />
		<Unit filename="Item.h" />
		<Unit filename="Items.h" />
		<Unit filename="Level.h" />
		<Unit filename="Menu.h" />
		<Unit filename="Minimap.h" />
		<Unit filename="MultiEnemy.h" />
		<Unit filename="Particle.cpp" />
		<Unit filename="Particle.h" />
		<Unit filename="ParticleEmitter.h" />
		<Unit filename="PopupText.h" />
		<Unit filename="ProgressBar.h" />
		<Unit filename="README.md" />
		<Unit filename="Rect.h" />
		<Unit filename="SDL2.dll" />
		<Unit filename="SDL2_image.dll" />
		<Unit filename="SDL2_mixer.dll" />
		<Unit filename="SDL2_ttf.dll" />
		<Unit filename="Score.h" />
		<Unit filename="SphereSiege.depend" />
		<Unit filename="SphereSiege.layout" />
		<Unit filename="Stats.h" />
		<Unit filename="Text.h" />
		<Unit filename="Window.h" />
		<Unit filename="_clear.exe" />
		<Unit filename="bullet.cpp" />
		<Unit filename="button.cpp" />
		<Unit filename="camera.cpp" />
		<Unit filename="enemy.cpp" />
		<Unit filename="explosion.cpp" />
		<Unit filename="hero.cpp" />
		<Unit filename="includes.cpp" />
		<Unit filename="item.cpp" />
		<Unit filename="items.cpp" />
		<Unit filename="level.cpp" />
		<Unit filename="main.cpp" />
		<Unit filename="menu.cpp" />
		<Unit filename="minimap.cpp" />
		<Unit filename="multiEnemy.cpp" />
		<Unit filename="particleEmitter.cpp" />
		<Unit filename="popupText.cpp" />
		<Unit filename="progressBar.cpp" />
		<Unit filename="rect.cpp" />
		<Unit filename="res/ariblk.ttf" />
		<Unit filename="res/audio/chaydeloroi.wav" />
		<Unit filename="res/audio/explosion.wav" />
		<Unit filename="res/audio/hitHurt.wav" />
		<Unit filename="res/audio/levelUp.wav" />
		<Unit filename="res/audio/powerUp.wav" />
		<Unit filename="res/audio/shoot.wav" />
		<Unit filename="res/explosion/explosion-0.png" />
		<Unit filename="res/explosion/explosion-1.png" />
		<Unit filename="res/explosion/explosion-10.png" />
		<Unit filename="res/explosion/explosion-11.png" />
		<Unit filename="res/explosion/explosion-12.png" />
		<Unit filename="res/explosion/explosion-13.png" />
		<Unit filename="res/explosion/explosion-14.png" />
		<Unit filename="res/explosion/explosion-15.png" />
		<Unit filename="res/explosion/explosion-16.png" />
		<Unit filename="res/explosion/explosion-17.png" />
		<Unit filename="res/explosion/explosion-18.png" />
		<Unit filename="res/explosion/explosion-19.png" />
		<Unit filename="res/explosion/explosion-2.png" />
		<Unit filename="res/explosion/explosion-20.png" />
		<Unit filename="res/explosion/explosion-21.png" />
		<Unit filename="res/explosion/explosion-22.png" />
		<Unit filename="res/explosion/explosion-23.png" />
		<Unit filename="res/explosion/explosion-24.png" />
		<Unit filename="res/explosion/explosion-25.png" />
		<Unit filename="res/explosion/explosion-26.png" />
		<Unit filename="res/explosion/explosion-27.png" />
		<Unit filename="res/explosion/explosion-28.png" />
		<Unit filename="res/explosion/explosion-29.png" />
		<Unit filename="res/explosion/explosion-3.png" />
		<Unit filename="res/explosion/explosion-30.png" />
		<Unit filename="res/explosion/explosion-4.png" />
		<Unit filename="res/explosion/explosion-5.png" />
		<Unit filename="res/explosion/explosion-6.png" />
		<Unit filename="res/explosion/explosion-7.png" />
		<Unit filename="res/explosion/explosion-8.png" />
		<Unit filename="res/explosion/explosion-9.png" />
		<Unit filename="res/font/PressStart2P.ttf" />
		<Unit filename="res/font/Silkscreen-Bold.ttf" />
		<Unit filename="res/font/Silkscreen.ttf" />
		<Unit filename="res/font/font.ttf" />
		<Unit filename="res/image/enemy.png" />
		<Unit filename="res/image/enemybig.png" />
		<Unit filename="res/image/enemysmall.png" />
		<Unit filename="res/image/enemyspiltter.png" />
		<Unit filename="res/image/hero.png" />
		<Unit filename="res/image/hero_.png" />
		<Unit filename="res/image/item_fastshot.png" />
		<Unit filename="res/image/item_hppack.png" />
		<Unit filename="res/image/item_pierceshot.png" />
		<Unit filename="res/image/item_shield.png" />
		<Unit filename="res/image/item_slowdownenemies.png" />
		<Unit filename="res/image/item_tripleshot.png" />
		<Unit filename="res/image/map.jpg" />
		<Unit filename="res/image/minicamera.png" />
		<Unit filename="res/image/minimap.png" />
		<Unit filename="res/image/red_vignette.png" />
		<Unit filename="res/image/shield.png" />
		<Unit filename="res/resource/explosion.gif" />
		<Unit filename="res/resource/explosion_trans-ezgif.com-crop.gif" />
		<Unit filename="res/resource/explosion_trans.gif" />
		<Unit filename="res/resource/triangle.png" />
		<Unit filename="res/save/best.txt" />
		<Unit filename="res/save/camera.txt" />
		<Unit filename="res/save/enemies.txt" />
		<Unit filename="res/save/hero.txt" />
		<Unit filename="res/save/items.txt" />
		<Unit filename="res/save/level.txt" />
		<Unit filename="res/save/score.txt" />
		<Unit filename="res/save/time.txt" />
		<Unit filename="score.cpp" />
		<Unit filename="stats.cpp" />
		<Unit filename="text.cpp" />
		<Unit filename="window.cpp" />
		<Extensions>
			<lib_finder disable_auto="1" />
		</Extensions>
	</Project>
</CodeBlocks_project_file>
